
Microsoft Visual Studio Solution File, Format Version 12.00
# Visual Studio Version 17
VisualStudioVersion = 17.7.34031.279
MinimumVisualStudioVersion = 10.0.40219.1
Project("{9A19103F-16F7-4668-BE54-9A1E7A4F7556}") = "DAL", "DAL\DAL.csproj", "{2C33D27D-6D59-48B2-8FBB-068570DDCF5F}"
EndProject
Project("{9A19103F-16F7-4668-BE54-9A1E7A4F7556}") = "BAL", "BAL\BAL.csproj", "{2F613E23-72F4-40AE-84D4-F590600B0336}"
EndProject
Project("{9A19103F-16F7-4668-BE54-9A1E7A4F7556}") = "STUDENT_API", "STUDENT_DEMO\STUDENT_API.csproj", "{EA789CAF-D66B-458B-A9B9-1E018B2BCDF6}"
EndProject
Project("{9A19103F-16F7-4668-BE54-9A1E7A4F7556}") = "STUDENT_WEB", "STUDENT_WEB\Client\STUDENT_WEB.csproj", "{11BA128C-8F23-4393-A8E2-529602370D92}"
EndProject
Project("{FAE04EC0-301F-11D3-BF4B-00C04F79EFBC}") = "STUDENT_SHARED", "STUDENT_SHARED\STUDENT_SHARED.csproj", "{4A1D56DE-8F90-4632-A552-150249196578}"
EndProject
Global
	GlobalSection(SolutionConfigurationPlatforms) = preSolution
		Debug|Any CPU = Debug|Any CPU
		Release|Any CPU = Release|Any CPU
	EndGlobalSection
	GlobalSection(ProjectConfigurationPlatforms) = postSolution
		{2C33D27D-6D59-48B2-8FBB-068570DDCF5F}.Debug|Any CPU.ActiveCfg = Debug|Any CPU
		{2C33D27D-6D59-48B2-8FBB-068570DDCF5F}.Debug|Any CPU.Build.0 = Debug|Any CPU
		{2C33D27D-6D59-48B2-8FBB-068570DDCF5F}.Release|Any CPU.ActiveCfg = Release|Any CPU
		{2C33D27D-6D59-48B2-8FBB-068570DDCF5F}.Release|Any CPU.Build.0 = Release|Any CPU
		{2F613E23-72F4-40AE-84D4-F590600B0336}.Debug|Any CPU.ActiveCfg = Debug|Any CPU
		{2F613E23-72F4-40AE-84D4-F590600B0336}.Debug|Any CPU.Build.0 = Debug|Any CPU
		{2F613E23-72F4-40AE-84D4-F590600B0336}.Release|Any CPU.ActiveCfg = Release|Any CPU
		{2F613E23-72F4-40AE-84D4-F590600B0336}.Release|Any CPU.Build.0 = Release|Any CPU
		{EA789CAF-D66B-458B-A9B9-1E018B2BCDF6}.Debug|Any CPU.ActiveCfg = Debug|Any CPU
		{EA789CAF-D66B-458B-A9B9-1E018B2BCDF6}.Debug|Any CPU.Build.0 = Debug|Any CPU
		{EA789CAF-D66B-458B-A9B9-1E018B2BCDF6}.Release|Any CPU.ActiveCfg = Release|Any CPU
		{EA789CAF-D66B-458B-A9B9-1E018B2BCDF6}.Release|Any CPU.Build.0 = Release|Any CPU
		{11BA128C-8F23-4393-A8E2-529602370D92}.Debug|Any CPU.ActiveCfg = Debug|Any CPU
		{11BA128C-8F23-4393-A8E2-529602370D92}.Debug|Any CPU.Build.0 = Debug|Any CPU
		{11BA128C-8F23-4393-A8E2-529602370D92}.Release|Any CPU.ActiveCfg = Release|Any CPU
		{11BA128C-8F23-4393-A8E2-529602370D92}.Release|Any CPU.Build.0 = Release|Any CPU
		{4A1D56DE-8F90-4632-A552-150249196578}.Debug|Any CPU.ActiveCfg = Debug|Any CPU
		{4A1D56DE-8F90-4632-A552-150249196578}.Debug|Any CPU.Build.0 = Debug|Any CPU
		{4A1D56DE-8F90-4632-A552-150249196578}.Release|Any CPU.ActiveCfg = Release|Any CPU
		{4A1D56DE-8F90-4632-A552-150249196578}.Release|Any CPU.Build.0 = Release|Any CPU
	EndGlobalSection
	GlobalSection(SolutionProperties) = preSolution
		HideSolutionNode = FALSE
	EndGlobalSection
	GlobalSection(ExtensibilityGlobals) = postSolution
		SolutionGuid = {FFD4D12F-5E4F-440D-8C94-B85AAB44B6F4}
	EndGlobalSection
EndGlobal
